
Microsoft Visual Studio Solution File, Format Version 12.00
# Visual Studio Version 16
VisualStudioVersion = 16.0.29306.81
MinimumVisualStudioVersion = 10.0.40219.1
Project("{FAE04EC0-301F-11D3-BF4B-00C04F79EFBC}") = "ConsoleApp1", "ConsoleApp1\ConsoleApp1.csproj", "{AC282725-2DC4-4A2A-A3FE-7CCE2CF6FDA7}"
EndProject
Global
	GlobalSection(SolutionConfigurationPlatforms) = preSolution
		Debug|Any CPU = Debug|Any CPU
		Release|Any CPU = Release|Any CPU
	EndGlobalSection
	GlobalSection(ProjectConfigurationPlatforms) = postSolution
		{AC282725-2DC4-4A2A-A3FE-7CCE2CF6FDA7}.Debug|Any CPU.ActiveCfg = Debug|Any CPU
		{AC282725-2DC4-4A2A-A3FE-7CCE2CF6FDA7}.Debug|Any CPU.Build.0 = Debug|Any CPU
		{AC282725-2DC4-4A2A-A3FE-7CCE2CF6FDA7}.Release|Any CPU.ActiveCfg = Release|Any CPU
		{AC282725-2DC4-4A2A-A3FE-7CCE2CF6FDA7}.Release|Any CPU.Build.0 = Release|Any CPU
	EndGlobalSection
	GlobalSection(SolutionProperties) = preSolution
		HideSolutionNode = FALSE
	EndGlobalSection
	GlobalSection(ExtensibilityGlobals) = postSolution
		SolutionGuid = {D902E5B6-4851-4AB5-8B81-8E880A0CFFDA}
	EndGlobalSection
EndGlobal
